// !$*UTF8*$!
{
	archiveVersion = 1;
	classes = {
	};
	objectVersion = 77;
	objects = {

/* Begin PBXBuildFile section */
		25F2D027FEC15A1FC4195062 /* SearchViewUITests.swift in Sources */ = {isa = PBXBuildFile; fileRef = C46132710479193E86203285 /* SearchViewUITests.swift */; };
		4E186A6B7241E2BFDA2FF14F /* CardCore in Frameworks */ = {isa = PBXBuildFile; productRef = 5818E1CC197288CC2CC64AF6 /* CardCore */; };
		5656707DCF8EE465F7D9CEF1 /* chara-congrats.png in Resources */ = {isa = PBXBuildFile; fileRef = BAA8A556CF2AA315E596EF36 /* chara-congrats.png */; };
		5D07CDF387E775DC6FB4BFCA /* WidgetSummaryReader.swift in Sources */ = {isa = PBXBuildFile; fileRef = 9F326A22BF1187D0D45DEECB /* WidgetSummaryReader.swift */; };
		6D9193F5E2CF91AEE8F3B8F7 /* KyonoWidgetExtension.appex in Embed Foundation Extensions */ = {isa = PBXBuildFile; fileRef = 9FD1289A9A8A9C346362541A /* KyonoWidgetExtension.appex */; settings = {ATTRIBUTES = (RemoveHeadersOnCopy, ); }; };
		703384C65F499F44FBD5E831 /* chara-crown.png in Resources */ = {isa = PBXBuildFile; fileRef = 59B49D0CB02844CD0C0AB536 /* chara-crown.png */; };
		79E37473C90A47E0D8ACDB0E /* chara-cheer.png in Resources */ = {isa = PBXBuildFile; fileRef = 4314DCE6A1F9E6AA843BC423 /* chara-cheer.png */; };
		8060C5186B013FBAF46B2F57 /* WidgetCore in Frameworks */ = {isa = PBXBuildFile; productRef = F950F73057DD7CC53A67D1F5 /* WidgetCore */; };
		89A07CD3119E34F6BFCB68C9 /* SafetyCore in Frameworks */ = {isa = PBXBuildFile; productRef = DCABFED709CFEEF540C7D4CE /* SafetyCore */; };
		8D00F822AF9872B02B55B119 /* RecordCore in Frameworks */ = {isa = PBXBuildFile; productRef = 470554BE76139B65EDACBBF6 /* RecordCore */; };
		922FEE346086542AA7EF8FAE /* RecordCore in Frameworks */ = {isa = PBXBuildFile; productRef = 708A826FFF9926D92160FF47 /* RecordCore */; };
		93BF4FAB063EC6EF6BE95239 /* Foundation.framework in Frameworks */ = {isa = PBXBuildFile; fileRef = CBE743BE096F7B13A3A7B4AD /* Foundation.framework */; };
		C4D917BDD08FBC986489BD28 /* Foundation.framework in Frameworks */ = {isa = PBXBuildFile; fileRef = CBE743BE096F7B13A3A7B4AD /* Foundation.framework */; };
		C64ABFC4C0F7F8C212C2A299 /* WidgetCore in Frameworks */ = {isa = PBXBuildFile; productRef = 1B8ACD031CE49505474CD483 /* WidgetCore */; };
		D9B39E65C905184139D8DB3C /* KyonoWidgetExtensionBundle.swift in Sources */ = {isa = PBXBuildFile; fileRef = 12F1F2182C79A6C9426039B7 /* KyonoWidgetExtensionBundle.swift */; };
		E28354E7183E8993F0C8CE5B /* chara-good.png in Resources */ = {isa = PBXBuildFile; fileRef = BDB406D2AAFCD3D0FE67AACB /* chara-good.png */; };
		EEA1E308136EA717C274B088 /* chara-kaikyaku.png in Resources */ = {isa = PBXBuildFile; fileRef = F699ADE1064458FDC263229C /* chara-kaikyaku.png */; };
		FBF2F7FFFB3B9C9DFB5D6C75 /* chara-cracker.png in Resources */ = {isa = PBXBuildFile; fileRef = F580755EE5B3160657F65AB6 /* chara-cracker.png */; };
/* End PBXBuildFile section */

/* Begin PBXContainerItemProxy section */
		21EA9103A170B6C0EA58280F /* PBXContainerItemProxy */ = {
			isa = PBXContainerItemProxy;
			containerPortal = 5187B9E93014B06500013565 /* Project object */;
			proxyType = 1;
			remoteGlobalIDString = 5187B9F03014B06500013565;
			remoteInfo = KyouNoOgatore;
		};
		830BE2B3000628B7E3C788D1 /* PBXContainerItemProxy */ = {
			isa = PBXContainerItemProxy;
			containerPortal = 5187B9E93014B06500013565 /* Project object */;
			proxyType = 1;
			remoteGlobalIDString = C5A1011C488ADEC5D2C5BC3C;
			remoteInfo = KyonoWidgetExtension;
		};
/* End PBXContainerItemProxy section */

/* Begin PBXCopyFilesBuildPhase section */
		60EBC3A94D1B311BED5A9391 /* Embed Foundation Extensions */ = {
			isa = PBXCopyFilesBuildPhase;
			buildActionMask = 2147483647;
			dstPath = "";
			dstSubfolderSpec = 13;
			files = (
				6D9193F5E2CF91AEE8F3B8F7 /* KyonoWidgetExtension.appex in Embed Foundation Extensions */,
			);
			name = "Embed Foundation Extensions";
			runOnlyForDeploymentPostprocessing = 0;
		};
/* End PBXCopyFilesBuildPhase section */

/* Begin PBXFileReference section */
		12F1F2182C79A6C9426039B7 /* KyonoWidgetExtensionBundle.swift */ = {isa = PBXFileReference; includeInIndex = 1; lastKnownFileType = sourcecode.swift; path = KyonoWidgetExtensionBundle.swift; sourceTree = "<group>"; };
		4314DCE6A1F9E6AA843BC423 /* chara-cheer.png */ = {isa = PBXFileReference; includeInIndex = 1; lastKnownFileType = image.png; path = "chara-cheer.png"; sourceTree = "<group>"; };
		5187B9F13014B06500013565 /* KyouNoOgatore.app */ = {isa = PBXFileReference; explicitFileType = wrapper.application; includeInIndex = 0; path = KyouNoOgatore.app; sourceTree = BUILT_PRODUCTS_DIR; };
		59B49D0CB02844CD0C0AB536 /* chara-crown.png */ = {isa = PBXFileReference; includeInIndex = 1; lastKnownFileType = image.png; path = "chara-crown.png"; sourceTree = "<group>"; };
		6C014F8978ADD619E176E21A /* KyouNoOgatoreUITests.xctest */ = {isa = PBXFileReference; explicitFileType = wrapper.cfbundle; includeInIndex = 0; path = KyouNoOgatoreUITests.xctest; sourceTree = BUILT_PRODUCTS_DIR; };
		9F326A22BF1187D0D45DEECB /* WidgetSummaryReader.swift */ = {isa = PBXFileReference; includeInIndex = 1; lastKnownFileType = sourcecode.swift; path = WidgetSummaryReader.swift; sourceTree = "<group>"; };
		9FD1289A9A8A9C346362541A /* KyonoWidgetExtension.appex */ = {isa = PBXFileReference; explicitFileType = "wrapper.app-extension"; includeInIndex = 0; path = KyonoWidgetExtension.appex; sourceTree = BUILT_PRODUCTS_DIR; };
		BAA8A556CF2AA315E596EF36 /* chara-congrats.png */ = {isa = PBXFileReference; includeInIndex = 1; lastKnownFileType = image.png; path = "chara-congrats.png"; sourceTree = "<group>"; };
		BDB406D2AAFCD3D0FE67AACB /* chara-good.png */ = {isa = PBXFileReference; includeInIndex = 1; lastKnownFileType = image.png; path = "chara-good.png"; sourceTree = "<group>"; };
		C46132710479193E86203285 /* SearchViewUITests.swift */ = {isa = PBXFileReference; includeInIndex = 1; lastKnownFileType = sourcecode.swift; name = SearchViewUITests.swift; path = KyouNoOgatoreUITests/SearchViewUITests.swift; sourceTree = "<group>"; };
		CBE743BE096F7B13A3A7B4AD /* Foundation.framework */ = {isa = PBXFileReference; lastKnownFileType = wrapper.framework; name = Foundation.framework; path = Platforms/iPhoneOS.platform/Developer/SDKs/iPhoneOS26.0.sdk/System/Library/Frameworks/Foundation.framework; sourceTree = DEVELOPER_DIR; };
		D3352044F6C350112CE7A976 /* Info.plist */ = {isa = PBXFileReference; includeInIndex = 1; lastKnownFileType = text.plist.xml; path = Info.plist; sourceTree = "<group>"; };
		F580755EE5B3160657F65AB6 /* chara-cracker.png */ = {isa = PBXFileReference; includeInIndex = 1; lastKnownFileType = image.png; path = "chara-cracker.png"; sourceTree = "<group>"; };
		F699ADE1064458FDC263229C /* chara-kaikyaku.png */ = {isa = PBXFileReference; includeInIndex = 1; lastKnownFileType = image.png; path = "chara-kaikyaku.png"; sourceTree = "<group>"; };
/* End PBXFileReference section */

/* Begin PBXFileSystemSynchronizedRootGroup section */
		5187B9F33014B06500013565 /* KyouNoOgatore */ = {
			isa = PBXFileSystemSynchronizedRootGroup;
			path = KyouNoOgatore;
			sourceTree = "<group>";
		};
/* End PBXFileSystemSynchronizedRootGroup section */

/* Begin PBXFrameworksBuildPhase section */
		0449B1D401A67974B319D166 /* Frameworks */ = {
			isa = PBXFrameworksBuildPhase;
			buildActionMask = 2147483647;
			files = (
				C4D917BDD08FBC986489BD28 /* Foundation.framework in Frameworks */,
				922FEE346086542AA7EF8FAE /* RecordCore in Frameworks */,
				8060C5186B013FBAF46B2F57 /* WidgetCore in Frameworks */,
			);
			runOnlyForDeploymentPostprocessing = 0;
		};
		5187B9EE3014B06500013565 /* Frameworks */ = {
			isa = PBXFrameworksBuildPhase;
			buildActionMask = 2147483647;
			files = (
				89A07CD3119E34F6BFCB68C9 /* SafetyCore in Frameworks */,
				8D00F822AF9872B02B55B119 /* RecordCore in Frameworks */,
				4E186A6B7241E2BFDA2FF14F /* CardCore in Frameworks */,
				C64ABFC4C0F7F8C212C2A299 /* WidgetCore in Frameworks */,
			);
			runOnlyForDeploymentPostprocessing = 0;
		};
		B404551925E0C81927688500 /* Frameworks */ = {
			isa = PBXFrameworksBuildPhase;
			buildActionMask = 2147483647;
			files = (
				93BF4FAB063EC6EF6BE95239 /* Foundation.framework in Frameworks */,
			);
			runOnlyForDeploymentPostprocessing = 0;
		};
/* End PBXFrameworksBuildPhase section */

/* Begin PBXGroup section */
		307B79830C346653F315085B /* iOS */ = {
			isa = PBXGroup;
			children = (
				CBE743BE096F7B13A3A7B4AD /* Foundation.framework */,
			);
			name = iOS;
			sourceTree = "<group>";
		};
		5187B9E83014B06500013565 = {
			isa = PBXGroup;
			children = (
				5187B9F33014B06500013565 /* KyouNoOgatore */,
				5187B9F23014B06500013565 /* Products */,
				9F29A784F25B954AB8004FBE /* Frameworks */,
				B90E06C6B828CAFDFB14DEDA /* KyonoWidgetExtension */,
				6A7BD456885DE064A8F8D573 /* KyouNoOgatoreUITests */,
			);
			sourceTree = "<group>";
		};
		5187B9F23014B06500013565 /* Products */ = {
			isa = PBXGroup;
			children = (
				5187B9F13014B06500013565 /* KyouNoOgatore.app */,
				9FD1289A9A8A9C346362541A /* KyonoWidgetExtension.appex */,
				6C014F8978ADD619E176E21A /* KyouNoOgatoreUITests.xctest */,
			);
			name = Products;
			sourceTree = "<group>";
		};
		51FFD0691D529719696E3E78 /* CharaArt */ = {
			isa = PBXGroup;
			children = (
				4314DCE6A1F9E6AA843BC423 /* chara-cheer.png */,
				F699ADE1064458FDC263229C /* chara-kaikyaku.png */,
				BAA8A556CF2AA315E596EF36 /* chara-congrats.png */,
				BDB406D2AAFCD3D0FE67AACB /* chara-good.png */,
				59B49D0CB02844CD0C0AB536 /* chara-crown.png */,
				F580755EE5B3160657F65AB6 /* chara-cracker.png */,
			);
			path = CharaArt;
			sourceTree = "<group>";
		};
		6A7BD456885DE064A8F8D573 /* KyouNoOgatoreUITests */ = {
			isa = PBXGroup;
			children = (
				C46132710479193E86203285 /* SearchViewUITests.swift */,
			);
			name = KyouNoOgatoreUITests;
			sourceTree = SOURCE_ROOT;
		};
		9F29A784F25B954AB8004FBE /* Frameworks */ = {
			isa = PBXGroup;
			children = (
				307B79830C346653F315085B /* iOS */,
			);
			name = Frameworks;
			sourceTree = "<group>";
		};
		B90E06C6B828CAFDFB14DEDA /* KyonoWidgetExtension */ = {
			isa = PBXGroup;
			children = (
				12F1F2182C79A6C9426039B7 /* KyonoWidgetExtensionBundle.swift */,
				D3352044F6C350112CE7A976 /* Info.plist */,
				51FFD0691D529719696E3E78 /* CharaArt */,
				9F326A22BF1187D0D45DEECB /* WidgetSummaryReader.swift */,
			);
			path = KyonoWidgetExtension;
			sourceTree = "<group>";
		};
/* End PBXGroup section */

/* Begin PBXNativeTarget section */
		5187B9F03014B06500013565 /* KyouNoOgatore */ = {
			isa = PBXNativeTarget;
			buildConfigurationList = 5187B9FC3014B06600013565 /* Build configuration list for PBXNativeTarget "KyouNoOgatore" */;
			buildPhases = (
				5187B9ED3014B06500013565 /* Sources */,
				5187B9EE3014B06500013565 /* Frameworks */,
				5187B9EF3014B06500013565 /* Resources */,
				60EBC3A94D1B311BED5A9391 /* Embed Foundation Extensions */,
				A9B8C7D6E5F4A3B2C1D0E9F8 /* Patch Launch Screen Info.plist */,
			);
			buildRules = (
			);
			dependencies = (
				4DBBA5CD122831E7FAE021EB /* PBXTargetDependency */,
			);
			fileSystemSynchronizedGroups = (
				5187B9F33014B06500013565 /* KyouNoOgatore */,
			);
			name = KyouNoOgatore;
			packageProductDependencies = (
				DCABFED709CFEEF540C7D4CE /* SafetyCore */,
				470554BE76139B65EDACBBF6 /* RecordCore */,
				5818E1CC197288CC2CC64AF6 /* CardCore */,
				1B8ACD031CE49505474CD483 /* WidgetCore */,
			);
			productName = KyouNoOgatore;
			productReference = 5187B9F13014B06500013565 /* KyouNoOgatore.app */;
			productType = "com.apple.product-type.application";
		};
		BBE7218AB3E5E6A90003229A /* KyouNoOgatoreUITests */ = {
			isa = PBXNativeTarget;
			buildConfigurationList = 226D4EA1A0CDB969BFF54D45 /* Build configuration list for PBXNativeTarget "KyouNoOgatoreUITests" */;
			buildPhases = (
				031117A9A371726CB8151A30 /* Sources */,
				B404551925E0C81927688500 /* Frameworks */,
				EEC72366456B740E31F5345B /* Resources */,
			);
			buildRules = (
			);
			dependencies = (
				1AFCBCEB5178E85BEA8A6C60 /* PBXTargetDependency */,
			);
			name = KyouNoOgatoreUITests;
			productName = KyouNoOgatoreUITests;
			productReference = 6C014F8978ADD619E176E21A /* KyouNoOgatoreUITests.xctest */;
			productType = "com.apple.product-type.bundle.ui-testing";
		};
		C5A1011C488ADEC5D2C5BC3C /* KyonoWidgetExtension */ = {
			isa = PBXNativeTarget;
			buildConfigurationList = 416D57C86A87AF812028C637 /* Build configuration list for PBXNativeTarget "KyonoWidgetExtension" */;
			buildPhases = (
				17C5B531D6698FA71C38CBB3 /* Sources */,
				0449B1D401A67974B319D166 /* Frameworks */,
				687E07620225B3EABEA153EE /* Resources */,
			);
			buildRules = (
			);
			dependencies = (
			);
			name = KyonoWidgetExtension;
			packageProductDependencies = (
				708A826FFF9926D92160FF47 /* RecordCore */,
				F950F73057DD7CC53A67D1F5 /* WidgetCore */,
			);
			productName = KyonoWidgetExtension;
			productReference = 9FD1289A9A8A9C346362541A /* KyonoWidgetExtension.appex */;
			productType = "com.apple.product-type.app-extension";
		};
/* End PBXNativeTarget section */

/* Begin PBXProject section */
		5187B9E93014B06500013565 /* Project object */ = {
			isa = PBXProject;
			attributes = {
				BuildIndependentTargetsInParallel = 1;
				LastSwiftUpdateCheck = 2660;
				LastUpgradeCheck = 2660;
				TargetAttributes = {
					5187B9F03014B06500013565 = {
						CreatedOnToolsVersion = 26.6;
					};
				};
			};
			buildConfigurationList = 5187B9EC3014B06500013565 /* Build configuration list for PBXProject "KyouNoOgatore" */;
			developmentRegion = en;
			hasScannedForEncodings = 0;
			knownRegions = (
				en,
				Base,
			);
			mainGroup = 5187B9E83014B06500013565;
			minimizedProjectReferenceProxies = 1;
			packageReferences = (
				F466E38F2897ECCC1212BAFA /* XCLocalSwiftPackageReference "SafetyCore" */,
				AB8DA4337144A57F4E29EC19 /* XCLocalSwiftPackageReference "RecordCore" */,
				099DE4CF9304ABF06D5A7B76 /* XCLocalSwiftPackageReference "CardCore" */,
				17CEA8D75C3DC8BA7F0CD555 /* XCLocalSwiftPackageReference "WidgetCore" */,
			);
			preferredProjectObjectVersion = 77;
			productRefGroup = 5187B9F23014B06500013565 /* Products */;
			projectDirPath = "";
			projectRoot = "";
			targets = (
				5187B9F03014B06500013565 /* KyouNoOgatore */,
				C5A1011C488ADEC5D2C5BC3C /* KyonoWidgetExtension */,
				BBE7218AB3E5E6A90003229A /* KyouNoOgatoreUITests */,
			);
		};
/* End PBXProject section */

/* Begin PBXResourcesBuildPhase section */
		5187B9EF3014B06500013565 /* Resources */ = {
			isa = PBXResourcesBuildPhase;
			buildActionMask = 2147483647;
			files = (
			);
			runOnlyForDeploymentPostprocessing = 0;
		};
		687E07620225B3EABEA153EE /* Resources */ = {
			isa = PBXResourcesBuildPhase;
			buildActionMask = 2147483647;
			files = (
				79E37473C90A47E0D8ACDB0E /* chara-cheer.png in Resources */,
				EEA1E308136EA717C274B088 /* chara-kaikyaku.png in Resources */,
				5656707DCF8EE465F7D9CEF1 /* chara-congrats.png in Resources */,
				E28354E7183E8993F0C8CE5B /* chara-good.png in Resources */,
				703384C65F499F44FBD5E831 /* chara-crown.png in Resources */,
				FBF2F7FFFB3B9C9DFB5D6C75 /* chara-cracker.png in Resources */,
			);
			runOnlyForDeploymentPostprocessing = 0;
		};
		EEC72366456B740E31F5345B /* Resources */ = {
			isa = PBXResourcesBuildPhase;
			buildActionMask = 2147483647;
			files = (
			);
			runOnlyForDeploymentPostprocessing = 0;
		};
/* End PBXResourcesBuildPhase section */

/* Begin PBXShellScriptBuildPhase section */
		A9B8C7D6E5F4A3B2C1D0E9F8 /* Patch Launch Screen Info.plist */ = {
			isa = PBXShellScriptBuildPhase;
			buildActionMask = 2147483647;
			files = (
			);
			inputFileListPaths = (
			);
			inputPaths = (
			);
			name = "Patch Launch Screen Info.plist";
			outputFileListPaths = (
			);
			outputPaths = (
			);
			runOnlyForDeploymentPostprocessing = 0;
			shellPath = /bin/sh;
			shellScript = "PLIST=\"$TARGET_BUILD_DIR/$INFOPLIST_PATH\"\n/usr/libexec/PlistBuddy -c \"Delete :UILaunchScreen\" \"$PLIST\" 2>/dev/null\n/usr/libexec/PlistBuddy -c \"Add :UILaunchScreen dict\" \"$PLIST\"\n/usr/libexec/PlistBuddy -c \"Add :UILaunchScreen:UIColorName string LaunchBackground\" \"$PLIST\"\n/usr/libexec/PlistBuddy -c \"Add :UILaunchScreen:UIImageName string LaunchChara\" \"$PLIST\"\n/usr/libexec/PlistBuddy -c \"Add :UILaunchScreen:UIImageRespectsSafeAreaInsets bool false\" \"$PLIST\"\n";
		};
/* End PBXShellScriptBuildPhase section */

/* Begin PBXSourcesBuildPhase section */
		031117A9A371726CB8151A30 /* Sources */ = {
			isa = PBXSourcesBuildPhase;
			buildActionMask = 2147483647;
			files = (
				25F2D027FEC15A1FC4195062 /* SearchViewUITests.swift in Sources */,
			);
			runOnlyForDeploymentPostprocessing = 0;
		};
		17C5B531D6698FA71C38CBB3 /* Sources */ = {
			isa = PBXSourcesBuildPhase;
			buildActionMask = 2147483647;
			files = (
				D9B39E65C905184139D8DB3C /* KyonoWidgetExtensionBundle.swift in Sources */,
				5D07CDF387E775DC6FB4BFCA /* WidgetSummaryReader.swift in Sources */,
			);
			runOnlyForDeploymentPostprocessing = 0;
		};
		5187B9ED3014B06500013565 /* Sources */ = {
			isa = PBXSourcesBuildPhase;
			buildActionMask = 2147483647;
			files = (
			);
			runOnlyForDeploymentPostprocessing = 0;
		};
/* End PBXSourcesBuildPhase section */

/* Begin PBXTargetDependency section */
		1AFCBCEB5178E85BEA8A6C60 /* PBXTargetDependency */ = {
			isa = PBXTargetDependency;
			name = KyouNoOgatore;
			target = 5187B9F03014B06500013565 /* KyouNoOgatore */;
			targetProxy = 21EA9103A170B6C0EA58280F /* PBXContainerItemProxy */;
		};
		4DBBA5CD122831E7FAE021EB /* PBXTargetDependency */ = {
			isa = PBXTargetDependency;
			name = KyonoWidgetExtension;
			target = C5A1011C488ADEC5D2C5BC3C /* KyonoWidgetExtension */;
			targetProxy = 830BE2B3000628B7E3C788D1 /* PBXContainerItemProxy */;
		};
/* End PBXTargetDependency section */

/* Begin XCBuildConfiguration section */
		111C8223773D6FEF06E4EAE0 /* Release */ = {
			isa = XCBuildConfiguration;
			buildSettings = {
				CLANG_ENABLE_OBJC_WEAK = NO;
				CODE_SIGN_STYLE = Automatic;
				DEVELOPMENT_TEAM = R47FY8GH3R;
				GENERATE_INFOPLIST_FILE = YES;
				IPHONEOS_DEPLOYMENT_TARGET = 17.0;
				PRODUCT_BUNDLE_IDENTIFIER = jp.ogatore.kyouno.uitests;
				PRODUCT_NAME = "$(TARGET_NAME)";
				SDKROOT = iphoneos;
				SWIFT_VERSION = 5.0;
				TEST_TARGET_NAME = KyouNoOgatore;
				VALIDATE_PRODUCT = YES;
			};
			name = Release;
		};
		5187B9FA3014B06600013565 /* Debug */ = {
			isa = XCBuildConfiguration;
			buildSettings = {
				ALWAYS_SEARCH_USER_PATHS = NO;
				ASSETCATALOG_COMPILER_GENERATE_SWIFT_ASSET_SYMBOL_EXTENSIONS = YES;
				CLANG_ANALYZER_NONNULL = YES;
				CLANG_ANALYZER_NUMBER_OBJECT_CONVERSION = YES_AGGRESSIVE;
				CLANG_CXX_LANGUAGE_STANDARD = "gnu++20";
				CLANG_ENABLE_MODULES = YES;
				CLANG_ENABLE_OBJC_ARC = YES;
				CLANG_ENABLE_OBJC_WEAK = YES;
				CLANG_WARN_BLOCK_CAPTURE_AUTORELEASING = YES;
				CLANG_WARN_BOOL_CONVERSION = YES;
				CLANG_WARN_COMMA = YES;
				CLANG_WARN_CONSTANT_CONVERSION = YES;
				CLANG_WARN_DEPRECATED_OBJC_IMPLEMENTATIONS = YES;
				CLANG_WARN_DIRECT_OBJC_ISA_USAGE = YES_ERROR;
				CLANG_WARN_DOCUMENTATION_COMMENTS = YES;
				CLANG_WARN_EMPTY_BODY = YES;
				CLANG_WARN_ENUM_CONVERSION = YES;
				CLANG_WARN_INFINITE_RECURSION = YES;
				CLANG_WARN_INT_CONVERSION = YES;
				CLANG_WARN_NON_LITERAL_NULL_CONVERSION = YES;
				CLANG_WARN_OBJC_IMPLICIT_RETAIN_SELF = YES;
				CLANG_WARN_OBJC_LITERAL_CONVERSION = YES;
				CLANG_WARN_OBJC_ROOT_CLASS = YES_ERROR;
				CLANG_WARN_QUOTED_INCLUDE_IN_FRAMEWORK_HEADER = YES;
				CLANG_WARN_RANGE_LOOP_ANALYSIS = YES;
				CLANG_WARN_STRICT_PROTOTYPES = YES;
				CLANG_WARN_SUSPICIOUS_MOVE = YES;
				CLANG_WARN_UNGUARDED_AVAILABILITY = YES_AGGRESSIVE;
				CLANG_WARN_UNREACHABLE_CODE = YES;
				CLANG_WARN__DUPLICATE_METHOD_MATCH = YES;
				COPY_PHASE_STRIP = NO;
				DEBUG_INFORMATION_FORMAT = dwarf;
				ENABLE_STRICT_OBJC_MSGSEND = YES;
				ENABLE_TESTABILITY = YES;
				ENABLE_USER_SCRIPT_SANDBOXING = YES;
				GCC_C_LANGUAGE_STANDARD = gnu17;
				GCC_DYNAMIC_NO_PIC = NO;
				GCC_NO_COMMON_BLOCKS = YES;
				GCC_OPTIMIZATION_LEVEL = 0;
				GCC_PREPROCESSOR_DEFINITIONS = (
					"DEBUG=1",
					"$(inherited)",
				);
				GCC_WARN_64_TO_32_BIT_CONVERSION = YES;
				GCC_WARN_ABOUT_RETURN_TYPE = YES_ERROR;
				GCC_WARN_UNDECLARED_SELECTOR = YES;
				GCC_WARN_UNINITIALIZED_AUTOS = YES_AGGRESSIVE;
				GCC_WARN_UNUSED_FUNCTION = YES;
				GCC_WARN_UNUSED_VARIABLE = YES;
				IPHONEOS_DEPLOYMENT_TARGET = 17.0;
				LOCALIZATION_PREFERS_STRING_CATALOGS = YES;
				MTL_ENABLE_DEBUG_INFO = INCLUDE_SOURCE;
				MTL_FAST_MATH = YES;
				ONLY_ACTIVE_ARCH = YES;
				SDKROOT = iphoneos;
				SWIFT_ACTIVE_COMPILATION_CONDITIONS = "DEBUG $(inherited)";
				SWIFT_OPTIMIZATION_LEVEL = "-Onone";
			};
			name = Debug;
		};
		5187B9FB3014B06600013565 /* Release */ = {
			isa = XCBuildConfiguration;
			buildSettings = {
				ALWAYS_SEARCH_USER_PATHS = NO;
				ASSETCATALOG_COMPILER_GENERATE_SWIFT_ASSET_SYMBOL_EXTENSIONS = YES;
				CLANG_ANALYZER_NONNULL = YES;
				CLANG_ANALYZER_NUMBER_OBJECT_CONVERSION = YES_AGGRESSIVE;
				CLANG_CXX_LANGUAGE_STANDARD = "gnu++20";
				CLANG_ENABLE_MODULES = YES;
				CLANG_ENABLE_OBJC_ARC = YES;
				CLANG_ENABLE_OBJC_WEAK = YES;
				CLANG_WARN_BLOCK_CAPTURE_AUTORELEASING = YES;
				CLANG_WARN_BOOL_CONVERSION = YES;
				CLANG_WARN_COMMA = YES;
				CLANG_WARN_CONSTANT_CONVERSION = YES;
				CLANG_WARN_DEPRECATED_OBJC_IMPLEMENTATIONS = YES;
				CLANG_WARN_DIRECT_OBJC_ISA_USAGE = YES_ERROR;
				CLANG_WARN_DOCUMENTATION_COMMENTS = YES;
				CLANG_WARN_EMPTY_BODY = YES;
				CLANG_WARN_ENUM_CONVERSION = YES;
				CLANG_WARN_INFINITE_RECURSION = YES;
				CLANG_WARN_INT_CONVERSION = YES;
				CLANG_WARN_NON_LITERAL_NULL_CONVERSION = YES;
				CLANG_WARN_OBJC_IMPLICIT_RETAIN_SELF = YES;
				CLANG_WARN_OBJC_LITERAL_CONVERSION = YES;
				CLANG_WARN_OBJC_ROOT_CLASS = YES_ERROR;
				CLANG_WARN_QUOTED_INCLUDE_IN_FRAMEWORK_HEADER = YES;
				CLANG_WARN_RANGE_LOOP_ANALYSIS = YES;
				CLANG_WARN_STRICT_PROTOTYPES = YES;
				CLANG_WARN_SUSPICIOUS_MOVE = YES;
				CLANG_WARN_UNGUARDED_AVAILABILITY = YES_AGGRESSIVE;
				CLANG_WARN_UNREACHABLE_CODE = YES;
				CLANG_WARN__DUPLICATE_METHOD_MATCH = YES;
				COPY_PHASE_STRIP = NO;
				DEBUG_INFORMATION_FORMAT = "dwarf-with-dsym";
				ENABLE_NS_ASSERTIONS = NO;
				ENABLE_STRICT_OBJC_MSGSEND = YES;
				ENABLE_USER_SCRIPT_SANDBOXING = YES;
				GCC_C_LANGUAGE_STANDARD = gnu17;
				GCC_NO_COMMON_BLOCKS = YES;
				GCC_WARN_64_TO_32_BIT_CONVERSION = YES;
				GCC_WARN_ABOUT_RETURN_TYPE = YES_ERROR;
				GCC_WARN_UNDECLARED_SELECTOR = YES;
				GCC_WARN_UNINITIALIZED_AUTOS = YES_AGGRESSIVE;
				GCC_WARN_UNUSED_FUNCTION = YES;
				GCC_WARN_UNUSED_VARIABLE = YES;
				IPHONEOS_DEPLOYMENT_TARGET = 17.0;
				LOCALIZATION_PREFERS_STRING_CATALOGS = YES;
				MTL_ENABLE_DEBUG_INFO = NO;
				MTL_FAST_MATH = YES;
				SDKROOT = iphoneos;
				SWIFT_COMPILATION_MODE = wholemodule;
				VALIDATE_PRODUCT = YES;
			};
			name = Release;
		};
		5187B9FD3014B06600013565 /* Debug */ = {
			isa = XCBuildConfiguration;
			buildSettings = {
				ASSETCATALOG_COMPILER_APPICON_NAME = AppIconGood30;
				ASSETCATALOG_COMPILER_GLOBAL_ACCENT_COLOR_NAME = AccentColor;
				CODE_SIGN_ENTITLEMENTS = KyouNoOgatore/KyouNoOgatore.entitlements;
				CODE_SIGN_STYLE = Automatic;
				CURRENT_PROJECT_VERSION = 38;
				DEVELOPMENT_TEAM = R47FY8GH3R;
				ENABLE_PREVIEWS = YES;
				ENABLE_USER_SCRIPT_SANDBOXING = NO;
				GENERATE_INFOPLIST_FILE = YES;
				INFOPLIST_KEY_CFBundleDisplayName = "きょうのオガトレ";
				INFOPLIST_KEY_ITSAppUsesNonExemptEncryption = NO;
				INFOPLIST_KEY_NSPhotoLibraryAddUsageDescription = "つくった記録カードを写真フォルダに保存するときに使います。";
				INFOPLIST_KEY_UIApplicationSceneManifest_Generation = YES;
				INFOPLIST_KEY_UIApplicationSupportsIndirectInputEvents = YES;
				INFOPLIST_KEY_UILaunchScreen_Generation = YES;
				INFOPLIST_KEY_UISupportedInterfaceOrientations_iPad = "UIInterfaceOrientationPortrait UIInterfaceOrientationPortraitUpsideDown UIInterfaceOrientationLandscapeLeft UIInterfaceOrientationLandscapeRight";
				INFOPLIST_KEY_UISupportedInterfaceOrientations_iPhone = UIInterfaceOrientationPortrait;
				LD_RUNPATH_SEARCH_PATHS = (
					"$(inherited)",
					"@executable_path/Frameworks",
				);
				MARKETING_VERSION = 1.0;
				PRODUCT_BUNDLE_IDENTIFIER = jp.ogatore.kyouno;
				PRODUCT_NAME = "$(TARGET_NAME)";
				STRING_CATALOG_GENERATE_SYMBOLS = YES;
				SWIFT_APPROACHABLE_CONCURRENCY = YES;
				SWIFT_DEFAULT_ACTOR_ISOLATION = MainActor;
				SWIFT_EMIT_LOC_STRINGS = YES;
				SWIFT_UPCOMING_FEATURE_MEMBER_IMPORT_VISIBILITY = YES;
				SWIFT_VERSION = 5.0;
				TARGETED_DEVICE_FAMILY = 1;
			};
			name = Debug;
		};
		5187B9FE3014B06600013565 /* Release */ = {
			isa = XCBuildConfiguration;
			buildSettings = {
				ASSETCATALOG_COMPILER_APPICON_NAME = AppIconGood30;
				ASSETCATALOG_COMPILER_GLOBAL_ACCENT_COLOR_NAME = AccentColor;
				CODE_SIGN_ENTITLEMENTS = KyouNoOgatore/KyouNoOgatore.entitlements;
				CODE_SIGN_STYLE = Automatic;
				CURRENT_PROJECT_VERSION = 38;
				DEVELOPMENT_TEAM = R47FY8GH3R;
				ENABLE_PREVIEWS = YES;
				ENABLE_USER_SCRIPT_SANDBOXING = NO;
				GENERATE_INFOPLIST_FILE = YES;
				INFOPLIST_KEY_CFBundleDisplayName = "きょうのオガトレ";
				INFOPLIST_KEY_ITSAppUsesNonExemptEncryption = NO;
				INFOPLIST_KEY_NSPhotoLibraryAddUsageDescription = "つくった記録カードを写真フォルダに保存するときに使います。";
				INFOPLIST_KEY_UIApplicationSceneManifest_Generation = YES;
				INFOPLIST_KEY_UIApplicationSupportsIndirectInputEvents = YES;
				INFOPLIST_KEY_UILaunchScreen_Generation = YES;
				INFOPLIST_KEY_UISupportedInterfaceOrientations_iPad = "UIInterfaceOrientationPortrait UIInterfaceOrientationPortraitUpsideDown UIInterfaceOrientationLandscapeLeft UIInterfaceOrientationLandscapeRight";
				INFOPLIST_KEY_UISupportedInterfaceOrientations_iPhone = UIInterfaceOrientationPortrait;
				LD_RUNPATH_SEARCH_PATHS = (
					"$(inherited)",
					"@executable_path/Frameworks",
				);
				MARKETING_VERSION = 1.0;
				PRODUCT_BUNDLE_IDENTIFIER = jp.ogatore.kyouno;
				PRODUCT_NAME = "$(TARGET_NAME)";
				STRING_CATALOG_GENERATE_SYMBOLS = YES;
				SWIFT_APPROACHABLE_CONCURRENCY = YES;
				SWIFT_DEFAULT_ACTOR_ISOLATION = MainActor;
				SWIFT_EMIT_LOC_STRINGS = YES;
				SWIFT_UPCOMING_FEATURE_MEMBER_IMPORT_VISIBILITY = YES;
				SWIFT_VERSION = 5.0;
				TARGETED_DEVICE_FAMILY = 1;
			};
			name = Release;
		};
		805F540F3048914C73509424 /* Debug */ = {
			isa = XCBuildConfiguration;
			buildSettings = {
				CLANG_ENABLE_OBJC_WEAK = NO;
				CODE_SIGN_ENTITLEMENTS = KyonoWidgetExtension/KyonoWidgetExtension.entitlements;
				CODE_SIGN_STYLE = Automatic;
				CURRENT_PROJECT_VERSION = 38;
				DEVELOPMENT_TEAM = R47FY8GH3R;
				GENERATE_INFOPLIST_FILE = NO;
				INFOPLIST_FILE = KyonoWidgetExtension/Info.plist;
				IPHONEOS_DEPLOYMENT_TARGET = 17.0;
				LD_RUNPATH_SEARCH_PATHS = (
					"$(inherited)",
					"@executable_path/Frameworks",
					"@executable_path/../../Frameworks",
				);
				MARKETING_VERSION = 1.0;
				PRODUCT_BUNDLE_IDENTIFIER = jp.ogatore.kyouno.widget;
				PRODUCT_NAME = "$(TARGET_NAME)";
				SDKROOT = iphoneos;
				SKIP_INSTALL = YES;
				SWIFT_EMIT_LOC_STRINGS = YES;
				SWIFT_VERSION = 5.0;
				TARGETED_DEVICE_FAMILY = 1;
			};
			name = Debug;
		};
		C4302BBC09F79D2C25A0527B /* Release */ = {
			isa = XCBuildConfiguration;
			buildSettings = {
				CLANG_ENABLE_OBJC_WEAK = NO;
				CODE_SIGN_ENTITLEMENTS = KyonoWidgetExtension/KyonoWidgetExtension.entitlements;
				CODE_SIGN_STYLE = Automatic;
				CURRENT_PROJECT_VERSION = 38;
				DEVELOPMENT_TEAM = R47FY8GH3R;
				GENERATE_INFOPLIST_FILE = NO;
				INFOPLIST_FILE = KyonoWidgetExtension/Info.plist;
				IPHONEOS_DEPLOYMENT_TARGET = 17.0;
				LD_RUNPATH_SEARCH_PATHS = (
					"$(inherited)",
					"@executable_path/Frameworks",
					"@executable_path/../../Frameworks",
				);
				MARKETING_VERSION = 1.0;
				PRODUCT_BUNDLE_IDENTIFIER = jp.ogatore.kyouno.widget;
				PRODUCT_NAME = "$(TARGET_NAME)";
				SDKROOT = iphoneos;
				SKIP_INSTALL = YES;
				SWIFT_EMIT_LOC_STRINGS = YES;
				SWIFT_VERSION = 5.0;
				TARGETED_DEVICE_FAMILY = 1;
				VALIDATE_PRODUCT = YES;
			};
			name = Release;
		};
		C6D16FC0CA39313CF90FDB03 /* Debug */ = {
			isa = XCBuildConfiguration;
			buildSettings = {
				CLANG_ENABLE_OBJC_WEAK = NO;
				CODE_SIGN_STYLE = Automatic;
				DEVELOPMENT_TEAM = R47FY8GH3R;
				GENERATE_INFOPLIST_FILE = YES;
				IPHONEOS_DEPLOYMENT_TARGET = 17.0;
				PRODUCT_BUNDLE_IDENTIFIER = jp.ogatore.kyouno.uitests;
				PRODUCT_NAME = "$(TARGET_NAME)";
				SDKROOT = iphoneos;
				SWIFT_VERSION = 5.0;
				TEST_TARGET_NAME = KyouNoOgatore;
			};
			name = Debug;
		};
/* End XCBuildConfiguration section */

/* Begin XCConfigurationList section */
		226D4EA1A0CDB969BFF54D45 /* Build configuration list for PBXNativeTarget "KyouNoOgatoreUITests" */ = {
			isa = XCConfigurationList;
			buildConfigurations = (
				111C8223773D6FEF06E4EAE0 /* Release */,
				C6D16FC0CA39313CF90FDB03 /* Debug */,
			);
			defaultConfigurationIsVisible = 0;
			defaultConfigurationName = Release;
		};
		416D57C86A87AF812028C637 /* Build configuration list for PBXNativeTarget "KyonoWidgetExtension" */ = {
			isa = XCConfigurationList;
			buildConfigurations = (
				C4302BBC09F79D2C25A0527B /* Release */,
				805F540F3048914C73509424 /* Debug */,
			);
			defaultConfigurationIsVisible = 0;
			defaultConfigurationName = Release;
		};
		5187B9EC3014B06500013565 /* Build configuration list for PBXProject "KyouNoOgatore" */ = {
			isa = XCConfigurationList;
			buildConfigurations = (
				5187B9FA3014B06600013565 /* Debug */,
				5187B9FB3014B06600013565 /* Release */,
			);
			defaultConfigurationIsVisible = 0;
			defaultConfigurationName = Release;
		};
		5187B9FC3014B06600013565 /* Build configuration list for PBXNativeTarget "KyouNoOgatore" */ = {
			isa = XCConfigurationList;
			buildConfigurations = (
				5187B9FD3014B06600013565 /* Debug */,
				5187B9FE3014B06600013565 /* Release */,
			);
			defaultConfigurationIsVisible = 0;
			defaultConfigurationName = Release;
		};
/* End XCConfigurationList section */

/* Begin XCLocalSwiftPackageReference section */
		099DE4CF9304ABF06D5A7B76 /* XCLocalSwiftPackageReference "CardCore" */ = {
			isa = XCLocalSwiftPackageReference;
			relativePath = CardCore;
		};
		17CEA8D75C3DC8BA7F0CD555 /* XCLocalSwiftPackageReference "WidgetCore" */ = {
			isa = XCLocalSwiftPackageReference;
			relativePath = WidgetCore;
		};
		AB8DA4337144A57F4E29EC19 /* XCLocalSwiftPackageReference "RecordCore" */ = {
			isa = XCLocalSwiftPackageReference;
			relativePath = RecordCore;
		};
		F466E38F2897ECCC1212BAFA /* XCLocalSwiftPackageReference "SafetyCore" */ = {
			isa = XCLocalSwiftPackageReference;
			relativePath = SafetyCore;
		};
/* End XCLocalSwiftPackageReference section */

/* Begin XCSwiftPackageProductDependency section */
		1B8ACD031CE49505474CD483 /* WidgetCore */ = {
			isa = XCSwiftPackageProductDependency;
			package = 17CEA8D75C3DC8BA7F0CD555 /* XCLocalSwiftPackageReference "WidgetCore" */;
			productName = WidgetCore;
		};
		470554BE76139B65EDACBBF6 /* RecordCore */ = {
			isa = XCSwiftPackageProductDependency;
			package = AB8DA4337144A57F4E29EC19 /* XCLocalSwiftPackageReference "RecordCore" */;
			productName = RecordCore;
		};
		5818E1CC197288CC2CC64AF6 /* CardCore */ = {
			isa = XCSwiftPackageProductDependency;
			package = 099DE4CF9304ABF06D5A7B76 /* XCLocalSwiftPackageReference "CardCore" */;
			productName = CardCore;
		};
		708A826FFF9926D92160FF47 /* RecordCore */ = {
			isa = XCSwiftPackageProductDependency;
			package = AB8DA4337144A57F4E29EC19 /* XCLocalSwiftPackageReference "RecordCore" */;
			productName = RecordCore;
		};
		DCABFED709CFEEF540C7D4CE /* SafetyCore */ = {
			isa = XCSwiftPackageProductDependency;
			package = F466E38F2897ECCC1212BAFA /* XCLocalSwiftPackageReference "SafetyCore" */;
			productName = SafetyCore;
		};
		F950F73057DD7CC53A67D1F5 /* WidgetCore */ = {
			isa = XCSwiftPackageProductDependency;
			package = 17CEA8D75C3DC8BA7F0CD555 /* XCLocalSwiftPackageReference "WidgetCore" */;
			productName = WidgetCore;
		};
/* End XCSwiftPackageProductDependency section */
	};
	rootObject = 5187B9E93014B06500013565 /* Project object */;
}
